{
    "name": "back",
    "version": "1.0.0",
    "description": "",
    "main": "src/sserver.js",
    "scripts": {
      "start": "node src/server.js",
      "dbfeed": "npx knex seed:run",
      "dbrestart": "npx knex migrate:rollback & npx knex migrate:latest",
      "dbprepare": "npx knex migrate:rollback & npx knex migrate:latest & npx knex seed:run",
      "dev": "nodemon src/server.js --ignore __tests__",
      "pretest": "SET NODE_ENV=test & knex migrate:latest --env test",
      "test": "jest --detectOpenHandles --forceExit",
      "posttest": "SET NODE_ENV=test & knex migrate:rollback --env test"
    },
    "keywords": [],
    "author": "",
    "license": "ISC",
    "dependencies": {
      "aws-sdk": "^2.799.0",
      "bcryptjs": "^2.4.3",
      "cors": "^2.8.5",
      "cross-env": "^7.0.2",
      "express": "^4.17.1",
      "jsonwebtoken": "^8.5.1",
      "knex": "^0.21.6",
      "multer": "^1.4.2",
      "multer-s3": "^2.9.0",
      "passport": "^0.4.1",
      "pg": "^8.4.1",
      "uuidv4": "^6.2.5",
      "yup": "^0.29.3"
    },
    "devDependencies": {
      "dotenv": "^8.2.0",
      "eslint": "^7.11.0",
      "jest": "^26.6.3",
      "nodemon": "^2.0.6",
      "supertest": "^6.0.1"
    }
  }